# This file is autogenerated, do not edit; changes may be undone by the next 'dep ensure'.


[[projects]]
  branch = "master"
  name = "github.com/TsvetanMilanov/go-lambda-workflow"
  packages = ["workflow"]
  revision = "6cdb07f5f0a565d6eb335c70b5f97c2879333bb0"

[[projects]]
  branch = "master"
  name = "github.com/TsvetanMilanov/tasker"
  packages = [
    "src/common",
    "src/common/cconstants",
    "src/common/ctypes"
  ]
  revision = "6adf65acc35acfb75b417b23f6daea7c42e6d31c"

[[projects]]
  name = "github.com/aws/aws-lambda-go"
  packages = [
    "events",
    "lambda",
    "lambda/messages",
    "lambdacontext"
  ]
  revision = "fafa7e49388b8991caf99308e80655ba91816b72"
  version = "v1.1.0"

[solve-meta]
  analyzer-name = "dep"
  analyzer-version = 1
  inputs-digest = "ad9cc7f74c64a97c7d4c438389b823d4bfa9df43ed28470e420beab7dc130251"
  solver-name = "gps-cdcl"
  solver-version = 1
