# This file is autogenerated, do not edit; changes may be undone by the next 'dep ensure'.


[[projects]]
  branch = "master"
  name = "github.com/TsvetanMilanov/go-lambda-workflow"
  packages = ["workflow"]
  revision = "b8758ab861a03add400e2feb5177233e5cc86bfd"

[[projects]]
  name = "github.com/TsvetanMilanov/go-simple-di"
  packages = ["di"]
  revision = "d958830d3aefff7b33f687a9e43bef36f3df1cf1"
  version = "v0.1.0"

[[projects]]
  branch = "master"
  name = "github.com/TsvetanMilanov/tasker-common"
  packages = [
    "common",
    "common/cconstants",
    "common/cdeclarations",
    "common/ctypes"
  ]
  revision = "6cbad2028e11a79563d9c958c2b525dbb127c6f6"

[[projects]]
  name = "github.com/aws/aws-lambda-go"
  packages = [
    "events",
    "lambda",
    "lambda/messages",
    "lambdacontext"
  ]
  revision = "fafa7e49388b8991caf99308e80655ba91816b72"
  version = "v1.1.0"

[solve-meta]
  analyzer-name = "dep"
  analyzer-version = 1
  inputs-digest = "f6c763c5f45dafb68ae93c362a5d064bdb1dec46af861b427b254d8d2569a057"
  solver-name = "gps-cdcl"
  solver-version = 1
