# This file is autogenerated, do not edit; changes may be undone by the next 'dep ensure'.


[[projects]]
  branch = "master"
  name = "github.com/TsvetanMilanov/go-lambda-workflow"
  packages = ["workflow"]
  revision = "930e12d4275688b5bd30445b30c905de99df3f08"

[[projects]]
  name = "github.com/TsvetanMilanov/go-simple-di"
  packages = ["di"]
  revision = "d958830d3aefff7b33f687a9e43bef36f3df1cf1"
  version = "v0.1.0"

[[projects]]
  branch = "master"
  name = "github.com/TsvetanMilanov/tasker-common"
  packages = [
    "common",
    "common/cconstants",
    "common/cdeclarations",
    "common/ctypes",
    "common/cutils"
  ]
  revision = "a20475a48ce8b9f513b9af1e7451f7b49ec5c01a"

[[projects]]
  name = "github.com/aws/aws-lambda-go"
  packages = [
    "events",
    "lambda",
    "lambda/messages",
    "lambdacontext"
  ]
  revision = "4d30d0ff60440c2d0480a15747c96ee71c3c53d4"
  version = "v1.2.0"

[[projects]]
  name = "github.com/go-playground/locales"
  packages = [
    ".",
    "currency"
  ]
  revision = "f63010822830b6fe52288ee52d5a1151088ce039"
  version = "v0.12.1"

[[projects]]
  name = "github.com/go-playground/universal-translator"
  packages = ["."]
  revision = "b32fa301c9fe55953584134cb6853a13c87ec0a1"
  version = "v0.16.0"

[[projects]]
  name = "github.com/go-playground/validator"
  packages = ["."]
  revision = "f28cb45dc0f0f406ba2015cdb59a5203ad220bc2"
  version = "v9.17.1"

[[projects]]
  name = "github.com/google/uuid"
  packages = ["."]
  revision = "064e2069ce9c359c118179501254f67d7d37ba24"
  version = "0.2"

[solve-meta]
  analyzer-name = "dep"
  analyzer-version = 1
  inputs-digest = "4db273ee5dfb6523cdc3916ce85fc03ac802dfd8714afd095ca8c53417ab16bd"
  solver-name = "gps-cdcl"
  solver-version = 1
